// !$*UTF8*$!
{
	archiveVersion = 1;
	classes = {
	};
	objectVersion = 46;
	objects = {

/* Begin PBXBuildFile section */
		1851DD7F1D17F39200DCA70C /* main.m in Sources */ = {isa = PBXBuildFile; fileRef = 1851DD7E1D17F39200DCA70C /* main.m */; };
		1851DD821D17F39200DCA70C /* AppDelegate.m in Sources */ = {isa = PBXBuildFile; fileRef = 1851DD811D17F39200DCA70C /* AppDelegate.m */; };
		1851DD851D17F39200DCA70C /* ViewController.m in Sources */ = {isa = PBXBuildFile; fileRef = 1851DD841D17F39200DCA70C /* ViewController.m */; };
		1851DD881D17F39200DCA70C /* Main.storyboard in Resources */ = {isa = PBXBuildFile; fileRef = 1851DD861D17F39200DCA70C /* Main.storyboard */; };
		1851DD8A1D17F39200DCA70C /* Assets.xcassets in Resources */ = {isa = PBXBuildFile; fileRef = 1851DD891D17F39200DCA70C /* Assets.xcassets */; };
		1851DD8D1D17F39200DCA70C /* LaunchScreen.storyboard in Resources */ = {isa = PBXBuildFile; fileRef = 1851DD8B1D17F39200DCA70C /* LaunchScreen.storyboard */; };
		18CB3D661D2AA76200536108 /* LZBAlterView.m in Sources */ = {isa = PBXBuildFile; fileRef = 18CB3D651D2AA76200536108 /* LZBAlterView.m */; };
		18CB3D691D2AADAA00536108 /* LZBJStoOCFromJSContextViewController.m in Sources */ = {isa = PBXBuildFile; fileRef = 18CB3D681D2AADAA00536108 /* LZBJStoOCFromJSContextViewController.m */; };
		18CB3D6C1D2AADF500536108 /* LZBWebBaseViewController.m in Sources */ = {isa = PBXBuildFile; fileRef = 18CB3D6B1D2AADF500536108 /* LZBWebBaseViewController.m */; };
		18CB3D6E1D2AB3B600536108 /* JStoOCtwoIndex.html in Resources */ = {isa = PBXBuildFile; fileRef = 18CB3D6D1D2AB3B600536108 /* JStoOCtwoIndex.html */; };
		18CB3EB61D3276CD00536108 /* LZBOCtoJSOneViewController.m in Sources */ = {isa = PBXBuildFile; fileRef = 18CB3EB51D3276CD00536108 /* LZBOCtoJSOneViewController.m */; };
		18CB3EB81D32789F00536108 /* OCtoJSfirstIndex.html in Resources */ = {isa = PBXBuildFile; fileRef = 18CB3EB71D32789F00536108 /* OCtoJSfirstIndex.html */; };
		18CB3EDE1D33EA9200536108 /* LZBOCtoJStwoViewController.m in Sources */ = {isa = PBXBuildFile; fileRef = 18CB3EDD1D33EA9200536108 /* LZBOCtoJStwoViewController.m */; };
		18CB3EE01D33F07F00536108 /* OCtoJStwoIndex.html in Resources */ = {isa = PBXBuildFile; fileRef = 18CB3EDF1D33F07F00536108 /* OCtoJStwoIndex.html */; };
		18E8FE321D446A1D0026DDC4 /* developerCode.jpg in Resources */ = {isa = PBXBuildFile; fileRef = 18E8FE311D446A1D0026DDC4 /* developerCode.jpg */; };
		18E8FE351D446AE60026DDC4 /* LZBSweepView.m in Sources */ = {isa = PBXBuildFile; fileRef = 18E8FE341D446AE60026DDC4 /* LZBSweepView.m */; };
		18ECE0E31D20EAC0007F5CD6 /* JStoOCfirstIndex.html in Resources */ = {isa = PBXBuildFile; fileRef = 18ECE0E21D20EAC0007F5CD6 /* JStoOCfirstIndex.html */; };
		18ECE0E81D20ED94007F5CD6 /* LZBJStoOCFromURLMethodVC.m in Sources */ = {isa = PBXBuildFile; fileRef = 18ECE0E71D20ED94007F5CD6 /* LZBJStoOCFromURLMethodVC.m */; };
		18ECE0EE1D20EE00007F5CD6 /* LZBDataModel.m in Sources */ = {isa = PBXBuildFile; fileRef = 18ECE0ED1D20EE00007F5CD6 /* LZBDataModel.m */; };
		18ECE1571D256A7E007F5CD6 /* NSObject + MethodExtension.m in Sources */ = {isa = PBXBuildFile; fileRef = 18ECE1561D256A7E007F5CD6 /* NSObject + MethodExtension.m */; };
/* End PBXBuildFile section */

/* Begin PBXFileReference section */
		1851DD7A1D17F39200DCA70C /* LZBWebViewWithJSInteractive.app */ = {isa = PBXFileReference; explicitFileType = wrapper.application; includeInIndex = 0; path = LZBWebViewWithJSInteractive.app; sourceTree = BUILT_PRODUCTS_DIR; };
		1851DD7E1D17F39200DCA70C /* main.m */ = {isa = PBXFileReference; lastKnownFileType = sourcecode.c.objc; path = main.m; sourceTree = "<group>"; };
		1851DD801D17F39200DCA70C /* AppDelegate.h */ = {isa = PBXFileReference; lastKnownFileType = sourcecode.c.h; path = AppDelegate.h; sourceTree = "<group>"; };
		1851DD811D17F39200DCA70C /* AppDelegate.m */ = {isa = PBXFileReference; lastKnownFileType = sourcecode.c.objc; path = AppDelegate.m; sourceTree = "<group>"; };
		1851DD831D17F39200DCA70C /* ViewController.h */ = {isa = PBXFileReference; lastKnownFileType = sourcecode.c.h; path = ViewController.h; sourceTree = "<group>"; };
		1851DD841D17F39200DCA70C /* ViewController.m */ = {isa = PBXFileReference; lastKnownFileType = sourcecode.c.objc; path = ViewController.m; sourceTree = "<group>"; };
		1851DD871D17F39200DCA70C /* Base */ = {isa = PBXFileReference; lastKnownFileType = file.storyboard; name = Base; path = Base.lproj/Main.storyboard; sourceTree = "<group>"; };
		1851DD891D17F39200DCA70C /* Assets.xcassets */ = {isa = PBXFileReference; lastKnownFileType = folder.assetcatalog; path = Assets.xcassets; sourceTree = "<group>"; };
		1851DD8C1D17F39200DCA70C /* Base */ = {isa = PBXFileReference; lastKnownFileType = file.storyboard; name = Base; path = Base.lproj/LaunchScreen.storyboard; sourceTree = "<group>"; };
		1851DD8E1D17F39200DCA70C /* Info.plist */ = {isa = PBXFileReference; lastKnownFileType = text.plist.xml; path = Info.plist; sourceTree = "<group>"; };
		18CB3D641D2AA76200536108 /* LZBAlterView.h */ = {isa = PBXFileReference; fileEncoding = 4; lastKnownFileType = sourcecode.c.h; path = LZBAlterView.h; sourceTree = "<group>"; };
		18CB3D651D2AA76200536108 /* LZBAlterView.m */ = {isa = PBXFileReference; fileEncoding = 4; lastKnownFileType = sourcecode.c.objc; path = LZBAlterView.m; sourceTree = "<group>"; };
		18CB3D671D2AADAA00536108 /* LZBJStoOCFromJSContextViewController.h */ = {isa = PBXFileReference; fileEncoding = 4; lastKnownFileType = sourcecode.c.h; path = LZBJStoOCFromJSContextViewController.h; sourceTree = "<group>"; };
		18CB3D681D2AADAA00536108 /* LZBJStoOCFromJSContextViewController.m */ = {isa = PBXFileReference; fileEncoding = 4; lastKnownFileType = sourcecode.c.objc; path = LZBJStoOCFromJSContextViewController.m; sourceTree = "<group>"; };
		18CB3D6A1D2AADF500536108 /* LZBWebBaseViewController.h */ = {isa = PBXFileReference; fileEncoding = 4; lastKnownFileType = sourcecode.c.h; path = LZBWebBaseViewController.h; sourceTree = "<group>"; };
		18CB3D6B1D2AADF500536108 /* LZBWebBaseViewController.m */ = {isa = PBXFileReference; fileEncoding = 4; lastKnownFileType = sourcecode.c.objc; path = LZBWebBaseViewController.m; sourceTree = "<group>"; };
		18CB3D6D1D2AB3B600536108 /* JStoOCtwoIndex.html */ = {isa = PBXFileReference; fileEncoding = 4; lastKnownFileType = text.html; path = JStoOCtwoIndex.html; sourceTree = "<group>"; };
		18CB3EB41D3276CD00536108 /* LZBOCtoJSOneViewController.h */ = {isa = PBXFileReference; fileEncoding = 4; lastKnownFileType = sourcecode.c.h; path = LZBOCtoJSOneViewController.h; sourceTree = "<group>"; };
		18CB3EB51D3276CD00536108 /* LZBOCtoJSOneViewController.m */ = {isa = PBXFileReference; fileEncoding = 4; lastKnownFileType = sourcecode.c.objc; path = LZBOCtoJSOneViewController.m; sourceTree = "<group>"; };
		18CB3EB71D32789F00536108 /* OCtoJSfirstIndex.html */ = {isa = PBXFileReference; fileEncoding = 4; lastKnownFileType = text.html; path = OCtoJSfirstIndex.html; sourceTree = "<group>"; };
		18CB3EDC1D33EA9200536108 /* LZBOCtoJStwoViewController.h */ = {isa = PBXFileReference; fileEncoding = 4; lastKnownFileType = sourcecode.c.h; path = LZBOCtoJStwoViewController.h; sourceTree = "<group>"; };
		18CB3EDD1D33EA9200536108 /* LZBOCtoJStwoViewController.m */ = {isa = PBXFileReference; fileEncoding = 4; lastKnownFileType = sourcecode.c.objc; path = LZBOCtoJStwoViewController.m; sourceTree = "<group>"; };
		18CB3EDF1D33F07F00536108 /* OCtoJStwoIndex.html */ = {isa = PBXFileReference; fileEncoding = 4; lastKnownFileType = text.html; path = OCtoJStwoIndex.html; sourceTree = "<group>"; };
		18E8FE311D446A1D0026DDC4 /* developerCode.jpg */ = {isa = PBXFileReference; lastKnownFileType = image.jpeg; path = developerCode.jpg; sourceTree = "<group>"; };
		18E8FE331D446AE60026DDC4 /* LZBSweepView.h */ = {isa = PBXFileReference; fileEncoding = 4; lastKnownFileType = sourcecode.c.h; path = LZBSweepView.h; sourceTree = "<group>"; };
		18E8FE341D446AE60026DDC4 /* LZBSweepView.m */ = {isa = PBXFileReference; fileEncoding = 4; lastKnownFileType = sourcecode.c.objc; path = LZBSweepView.m; sourceTree = "<group>"; };
		18ECE0E21D20EAC0007F5CD6 /* JStoOCfirstIndex.html */ = {isa = PBXFileReference; fileEncoding = 4; lastKnownFileType = text.html; path = JStoOCfirstIndex.html; sourceTree = "<group>"; };
		18ECE0E61D20ED94007F5CD6 /* LZBJStoOCFromURLMethodVC.h */ = {isa = PBXFileReference; fileEncoding = 4; lastKnownFileType = sourcecode.c.h; path = LZBJStoOCFromURLMethodVC.h; sourceTree = "<group>"; };
		18ECE0E71D20ED94007F5CD6 /* LZBJStoOCFromURLMethodVC.m */ = {isa = PBXFileReference; fileEncoding = 4; lastKnownFileType = sourcecode.c.objc; path = LZBJStoOCFromURLMethodVC.m; sourceTree = "<group>"; };
		18ECE0EC1D20EE00007F5CD6 /* LZBDataModel.h */ = {isa = PBXFileReference; fileEncoding = 4; lastKnownFileType = sourcecode.c.h; name = LZBDataModel.h; path = "../OC调用JS/LZBDataModel.h"; sourceTree = "<group>"; };
		18ECE0ED1D20EE00007F5CD6 /* LZBDataModel.m */ = {isa = PBXFileReference; fileEncoding = 4; lastKnownFileType = sourcecode.c.objc; name = LZBDataModel.m; path = "../OC调用JS/LZBDataModel.m"; sourceTree = "<group>"; };
		18ECE1551D256A7E007F5CD6 /* NSObject + MethodExtension.h */ = {isa = PBXFileReference; fileEncoding = 4; lastKnownFileType = sourcecode.c.h; path = "NSObject + MethodExtension.h"; sourceTree = "<group>"; };
		18ECE1561D256A7E007F5CD6 /* NSObject + MethodExtension.m */ = {isa = PBXFileReference; fileEncoding = 4; lastKnownFileType = sourcecode.c.objc; path = "NSObject + MethodExtension.m"; sourceTree = "<group>"; };
/* End PBXFileReference section */

/* Begin PBXFrameworksBuildPhase section */
		1851DD771D17F39200DCA70C /* Frameworks */ = {
			isa = PBXFrameworksBuildPhase;
			buildActionMask = 2147483647;
			files = (
			);
			runOnlyForDeploymentPostprocessing = 0;
		};
/* End PBXFrameworksBuildPhase section */

/* Begin PBXGroup section */
		1851DD711D17F39200DCA70C = {
			isa = PBXGroup;
			children = (
				1851DD7C1D17F39200DCA70C /* LZBWebViewWithJSInteractive */,
				1851DD7B1D17F39200DCA70C /* Products */,
			);
			sourceTree = "<group>";
		};
		1851DD7B1D17F39200DCA70C /* Products */ = {
			isa = PBXGroup;
			children = (
				1851DD7A1D17F39200DCA70C /* LZBWebViewWithJSInteractive.app */,
			);
			name = Products;
			sourceTree = "<group>";
		};
		1851DD7C1D17F39200DCA70C /* LZBWebViewWithJSInteractive */ = {
			isa = PBXGroup;
			children = (
				18CB3D601D2AA69700536108 /* Other */,
				18ECE1541D256A40007F5CD6 /* Category */,
				18ECE0EF1D20EE28007F5CD6 /* CommonModel */,
				18ECE0E51D20ED45007F5CD6 /* JS调用OC */,
				18ECE0E41D20ED38007F5CD6 /* OC调用JS */,
				1851DD801D17F39200DCA70C /* AppDelegate.h */,
				1851DD811D17F39200DCA70C /* AppDelegate.m */,
				1851DD831D17F39200DCA70C /* ViewController.h */,
				1851DD841D17F39200DCA70C /* ViewController.m */,
				1851DD861D17F39200DCA70C /* Main.storyboard */,
				1851DD891D17F39200DCA70C /* Assets.xcassets */,
				1851DD8B1D17F39200DCA70C /* LaunchScreen.storyboard */,
				1851DD8E1D17F39200DCA70C /* Info.plist */,
				1851DD7D1D17F39200DCA70C /* Supporting Files */,
			);
			path = LZBWebViewWithJSInteractive;
			sourceTree = "<group>";
		};
		1851DD7D1D17F39200DCA70C /* Supporting Files */ = {
			isa = PBXGroup;
			children = (
				18E8FE311D446A1D0026DDC4 /* developerCode.jpg */,
				1851DD7E1D17F39200DCA70C /* main.m */,
				18ECE0E21D20EAC0007F5CD6 /* JStoOCfirstIndex.html */,
				18CB3D6D1D2AB3B600536108 /* JStoOCtwoIndex.html */,
				18CB3EB71D32789F00536108 /* OCtoJSfirstIndex.html */,
				18CB3EDF1D33F07F00536108 /* OCtoJStwoIndex.html */,
			);
			name = "Supporting Files";
			sourceTree = "<group>";
		};
		18CB3D601D2AA69700536108 /* Other */ = {
			isa = PBXGroup;
			children = (
				18CB3D641D2AA76200536108 /* LZBAlterView.h */,
				18CB3D651D2AA76200536108 /* LZBAlterView.m */,
				18CB3D6A1D2AADF500536108 /* LZBWebBaseViewController.h */,
				18CB3D6B1D2AADF500536108 /* LZBWebBaseViewController.m */,
				18E8FE331D446AE60026DDC4 /* LZBSweepView.h */,
				18E8FE341D446AE60026DDC4 /* LZBSweepView.m */,
			);
			path = Other;
			sourceTree = "<group>";
		};
		18ECE0E41D20ED38007F5CD6 /* OC调用JS */ = {
			isa = PBXGroup;
			children = (
				18CB3EB41D3276CD00536108 /* LZBOCtoJSOneViewController.h */,
				18CB3EB51D3276CD00536108 /* LZBOCtoJSOneViewController.m */,
				18CB3EDC1D33EA9200536108 /* LZBOCtoJStwoViewController.h */,
				18CB3EDD1D33EA9200536108 /* LZBOCtoJStwoViewController.m */,
			);
			path = "OC调用JS";
			sourceTree = "<group>";
		};
		18ECE0E51D20ED45007F5CD6 /* JS调用OC */ = {
			isa = PBXGroup;
			children = (
				18ECE0E61D20ED94007F5CD6 /* LZBJStoOCFromURLMethodVC.h */,
				18ECE0E71D20ED94007F5CD6 /* LZBJStoOCFromURLMethodVC.m */,
				18CB3D671D2AADAA00536108 /* LZBJStoOCFromJSContextViewController.h */,
				18CB3D681D2AADAA00536108 /* LZBJStoOCFromJSContextViewController.m */,
			);
			path = "JS调用OC";
			sourceTree = "<group>";
		};
		18ECE0EF1D20EE28007F5CD6 /* CommonModel */ = {
			isa = PBXGroup;
			children = (
				18ECE0EC1D20EE00007F5CD6 /* LZBDataModel.h */,
				18ECE0ED1D20EE00007F5CD6 /* LZBDataModel.m */,
			);
			path = CommonModel;
			sourceTree = "<group>";
		};
		18ECE1541D256A40007F5CD6 /* Category */ = {
			isa = PBXGroup;
			children = (
				18ECE1551D256A7E007F5CD6 /* NSObject + MethodExtension.h */,
				18ECE1561D256A7E007F5CD6 /* NSObject + MethodExtension.m */,
			);
			path = Category;
			sourceTree = "<group>";
		};
/* End PBXGroup section */

/* Begin PBXNativeTarget section */
		1851DD791D17F39200DCA70C /* LZBWebViewWithJSInteractive */ = {
			isa = PBXNativeTarget;
			buildConfigurationList = 1851DD911D17F39200DCA70C /* Build configuration list for PBXNativeTarget "LZBWebViewWithJSInteractive" */;
			buildPhases = (
				1851DD761D17F39200DCA70C /* Sources */,
				1851DD771D17F39200DCA70C /* Frameworks */,
				1851DD781D17F39200DCA70C /* Resources */,
			);
			buildRules = (
			);
			dependencies = (
			);
			name = LZBWebViewWithJSInteractive;
			productName = LZBWebViewWithJSInteractive;
			productReference = 1851DD7A1D17F39200DCA70C /* LZBWebViewWithJSInteractive.app */;
			productType = "com.apple.product-type.application";
		};
/* End PBXNativeTarget section */

/* Begin PBXProject section */
		1851DD721D17F39200DCA70C /* Project object */ = {
			isa = PBXProject;
			attributes = {
				LastUpgradeCheck = 0730;
				ORGANIZATIONNAME = apple;
				TargetAttributes = {
					1851DD791D17F39200DCA70C = {
						CreatedOnToolsVersion = 7.3.1;
					};
				};
			};
			buildConfigurationList = 1851DD751D17F39200DCA70C /* Build configuration list for PBXProject "LZBWebViewWithJSInteractive" */;
			compatibilityVersion = "Xcode 3.2";
			developmentRegion = English;
			hasScannedForEncodings = 0;
			knownRegions = (
				en,
				Base,
			);
			mainGroup = 1851DD711D17F39200DCA70C;
			productRefGroup = 1851DD7B1D17F39200DCA70C /* Products */;
			projectDirPath = "";
			projectRoot = "";
			targets = (
				1851DD791D17F39200DCA70C /* LZBWebViewWithJSInteractive */,
			);
		};
/* End PBXProject section */

/* Begin PBXResourcesBuildPhase section */
		1851DD781D17F39200DCA70C /* Resources */ = {
			isa = PBXResourcesBuildPhase;
			buildActionMask = 2147483647;
			files = (
				18CB3D6E1D2AB3B600536108 /* JStoOCtwoIndex.html in Resources */,
				1851DD8D1D17F39200DCA70C /* LaunchScreen.storyboard in Resources */,
				18CB3EE01D33F07F00536108 /* OCtoJStwoIndex.html in Resources */,
				18CB3EB81D32789F00536108 /* OCtoJSfirstIndex.html in Resources */,
				1851DD8A1D17F39200DCA70C /* Assets.xcassets in Resources */,
				18ECE0E31D20EAC0007F5CD6 /* JStoOCfirstIndex.html in Resources */,
				18E8FE321D446A1D0026DDC4 /* developerCode.jpg in Resources */,
				1851DD881D17F39200DCA70C /* Main.storyboard in Resources */,
			);
			runOnlyForDeploymentPostprocessing = 0;
		};
/* End PBXResourcesBuildPhase section */

/* Begin PBXSourcesBuildPhase section */
		1851DD761D17F39200DCA70C /* Sources */ = {
			isa = PBXSourcesBuildPhase;
			buildActionMask = 2147483647;
			files = (
				18CB3D691D2AADAA00536108 /* LZBJStoOCFromJSContextViewController.m in Sources */,
				18CB3D661D2AA76200536108 /* LZBAlterView.m in Sources */,
				18CB3EDE1D33EA9200536108 /* LZBOCtoJStwoViewController.m in Sources */,
				18ECE0E81D20ED94007F5CD6 /* LZBJStoOCFromURLMethodVC.m in Sources */,
				1851DD851D17F39200DCA70C /* ViewController.m in Sources */,
				18ECE1571D256A7E007F5CD6 /* NSObject + MethodExtension.m in Sources */,
				1851DD821D17F39200DCA70C /* AppDelegate.m in Sources */,
				18CB3D6C1D2AADF500536108 /* LZBWebBaseViewController.m in Sources */,
				18E8FE351D446AE60026DDC4 /* LZBSweepView.m in Sources */,
				1851DD7F1D17F39200DCA70C /* main.m in Sources */,
				18CB3EB61D3276CD00536108 /* LZBOCtoJSOneViewController.m in Sources */,
				18ECE0EE1D20EE00007F5CD6 /* LZBDataModel.m in Sources */,
			);
			runOnlyForDeploymentPostprocessing = 0;
		};
/* End PBXSourcesBuildPhase section */

/* Begin PBXVariantGroup section */
		1851DD861D17F39200DCA70C /* Main.storyboard */ = {
			isa = PBXVariantGroup;
			children = (
				1851DD871D17F39200DCA70C /* Base */,
			);
			name = Main.storyboard;
			sourceTree = "<group>";
		};
		1851DD8B1D17F39200DCA70C /* LaunchScreen.storyboard */ = {
			isa = PBXVariantGroup;
			children = (
				1851DD8C1D17F39200DCA70C /* Base */,
			);
			name = LaunchScreen.storyboard;
			sourceTree = "<group>";
		};
/* End PBXVariantGroup section */

/* Begin XCBuildConfiguration section */
		1851DD8F1D17F39200DCA70C /* Debug */ = {
			isa = XCBuildConfiguration;
			buildSettings = {
				ALWAYS_SEARCH_USER_PATHS = NO;
				CLANG_ANALYZER_NONNULL = YES;
				CLANG_CXX_LANGUAGE_STANDARD = "gnu++0x";
				CLANG_CXX_LIBRARY = "libc++";
				CLANG_ENABLE_MODULES = YES;
				CLANG_ENABLE_OBJC_ARC = YES;
				CLANG_WARN_BOOL_CONVERSION = YES;
				CLANG_WARN_CONSTANT_CONVERSION = YES;
				CLANG_WARN_DIRECT_OBJC_ISA_USAGE = YES_ERROR;
				CLANG_WARN_EMPTY_BODY = YES;
				CLANG_WARN_ENUM_CONVERSION = YES;
				CLANG_WARN_INT_CONVERSION = YES;
				CLANG_WARN_OBJC_ROOT_CLASS = YES_ERROR;
				CLANG_WARN_UNREACHABLE_CODE = YES;
				CLANG_WARN__DUPLICATE_METHOD_MATCH = YES;
				"CODE_SIGN_IDENTITY[sdk=iphoneos*]" = "iPhone Developer";
				COPY_PHASE_STRIP = NO;
				DEBUG_INFORMATION_FORMAT = dwarf;
				ENABLE_STRICT_OBJC_MSGSEND = YES;
				ENABLE_TESTABILITY = YES;
				GCC_C_LANGUAGE_STANDARD = gnu99;
				GCC_DYNAMIC_NO_PIC = NO;
				GCC_NO_COMMON_BLOCKS = YES;
				GCC_OPTIMIZATION_LEVEL = 0;
				GCC_PREPROCESSOR_DEFINITIONS = (
					"DEBUG=1",
					"$(inherited)",
				);
				GCC_WARN_64_TO_32_BIT_CONVERSION = YES;
				GCC_WARN_ABOUT_RETURN_TYPE = YES_ERROR;
				GCC_WARN_UNDECLARED_SELECTOR = YES;
				GCC_WARN_UNINITIALIZED_AUTOS = YES_AGGRESSIVE;
				GCC_WARN_UNUSED_FUNCTION = YES;
				GCC_WARN_UNUSED_VARIABLE = YES;
				IPHONEOS_DEPLOYMENT_TARGET = 9.3;
				MTL_ENABLE_DEBUG_INFO = YES;
				ONLY_ACTIVE_ARCH = YES;
				SDKROOT = iphoneos;
			};
			name = Debug;
		};
		1851DD901D17F39200DCA70C /* Release */ = {
			isa = XCBuildConfiguration;
			buildSettings = {
				ALWAYS_SEARCH_USER_PATHS = NO;
				CLANG_ANALYZER_NONNULL = YES;
				CLANG_CXX_LANGUAGE_STANDARD = "gnu++0x";
				CLANG_CXX_LIBRARY = "libc++";
				CLANG_ENABLE_MODULES = YES;
				CLANG_ENABLE_OBJC_ARC = YES;
				CLANG_WARN_BOOL_CONVERSION = YES;
				CLANG_WARN_CONSTANT_CONVERSION = YES;
				CLANG_WARN_DIRECT_OBJC_ISA_USAGE = YES_ERROR;
				CLANG_WARN_EMPTY_BODY = YES;
				CLANG_WARN_ENUM_CONVERSION = YES;
				CLANG_WARN_INT_CONVERSION = YES;
				CLANG_WARN_OBJC_ROOT_CLASS = YES_ERROR;
				CLANG_WARN_UNREACHABLE_CODE = YES;
				CLANG_WARN__DUPLICATE_METHOD_MATCH = YES;
				"CODE_SIGN_IDENTITY[sdk=iphoneos*]" = "iPhone Developer";
				COPY_PHASE_STRIP = NO;
				DEBUG_INFORMATION_FORMAT = "dwarf-with-dsym";
				ENABLE_NS_ASSERTIONS = NO;
				ENABLE_STRICT_OBJC_MSGSEND = YES;
				GCC_C_LANGUAGE_STANDARD = gnu99;
				GCC_NO_COMMON_BLOCKS = YES;
				GCC_WARN_64_TO_32_BIT_CONVERSION = YES;
				GCC_WARN_ABOUT_RETURN_TYPE = YES_ERROR;
				GCC_WARN_UNDECLARED_SELECTOR = YES;
				GCC_WARN_UNINITIALIZED_AUTOS = YES_AGGRESSIVE;
				GCC_WARN_UNUSED_FUNCTION = YES;
				GCC_WARN_UNUSED_VARIABLE = YES;
				IPHONEOS_DEPLOYMENT_TARGET = 9.3;
				MTL_ENABLE_DEBUG_INFO = NO;
				SDKROOT = iphoneos;
				VALIDATE_PRODUCT = YES;
			};
			name = Release;
		};
		1851DD921D17F39200DCA70C /* Debug */ = {
			isa = XCBuildConfiguration;
			buildSettings = {
				ASSETCATALOG_COMPILER_APPICON_NAME = AppIcon;
				CODE_SIGN_IDENTITY = "iPhone Developer";
				INFOPLIST_FILE = LZBWebViewWithJSInteractive/Info.plist;
				IPHONEOS_DEPLOYMENT_TARGET = 7.0;
				LD_RUNPATH_SEARCH_PATHS = "$(inherited) @executable_path/Frameworks";
				PRODUCT_BUNDLE_IDENTIFIER = "-23334.LZBWebViewWithJSInteractive";
				PRODUCT_NAME = "$(TARGET_NAME)";
			};
			name = Debug;
		};
		1851DD931D17F39200DCA70C /* Release */ = {
			isa = XCBuildConfiguration;
			buildSettings = {
				ASSETCATALOG_COMPILER_APPICON_NAME = AppIcon;
				CODE_SIGN_IDENTITY = "iPhone Developer";
				INFOPLIST_FILE = LZBWebViewWithJSInteractive/Info.plist;
				IPHONEOS_DEPLOYMENT_TARGET = 7.0;
				LD_RUNPATH_SEARCH_PATHS = "$(inherited) @executable_path/Frameworks";
				PRODUCT_BUNDLE_IDENTIFIER = "-23334.LZBWebViewWithJSInteractive";
				PRODUCT_NAME = "$(TARGET_NAME)";
			};
			name = Release;
		};
/* End XCBuildConfiguration section */

/* Begin XCConfigurationList section */
		1851DD751D17F39200DCA70C /* Build configuration list for PBXProject "LZBWebViewWithJSInteractive" */ = {
			isa = XCConfigurationList;
			buildConfigurations = (
				1851DD8F1D17F39200DCA70C /* Debug */,
				1851DD901D17F39200DCA70C /* Release */,
			);
			defaultConfigurationIsVisible = 0;
			defaultConfigurationName = Release;
		};
		1851DD911D17F39200DCA70C /* Build configuration list for PBXNativeTarget "LZBWebViewWithJSInteractive" */ = {
			isa = XCConfigurationList;
			buildConfigurations = (
				1851DD921D17F39200DCA70C /* Debug */,
				1851DD931D17F39200DCA70C /* Release */,
			);
			defaultConfigurationIsVisible = 0;
			defaultConfigurationName = Release;
		};
/* End XCConfigurationList section */
	};
	rootObject = 1851DD721D17F39200DCA70C /* Project object */;
}
